
Microsoft Visual Studio Solution File, Format Version 12.00
# Visual Studio Version 17
VisualStudioVersion = 17.3.32825.248
MinimumVisualStudioVersion = 10.0.40219.1
Project("{FAE04EC0-301F-11D3-BF4B-00C04F79EFBC}") = "POS_Project", "POS_Project.csproj", "{5CA0AAD7-8948-4897-ABBE-CA9CE13C1C87}"
EndProject
Global
	GlobalSection(SolutionConfigurationPlatforms) = preSolution
		Debug|Any CPU = Debug|Any CPU
		Release|Any CPU = Release|Any CPU
	EndGlobalSection
	GlobalSection(ProjectConfigurationPlatforms) = postSolution
		{5CA0AAD7-8948-4897-ABBE-CA9CE13C1C87}.Debug|Any CPU.ActiveCfg = Debug|Any CPU
		{5CA0AAD7-8948-4897-ABBE-CA9CE13C1C87}.Debug|Any CPU.Build.0 = Debug|Any CPU
		{5CA0AAD7-8948-4897-ABBE-CA9CE13C1C87}.Release|Any CPU.ActiveCfg = Release|Any CPU
		{5CA0AAD7-8948-4897-ABBE-CA9CE13C1C87}.Release|Any CPU.Build.0 = Release|Any CPU
	EndGlobalSection
	GlobalSection(SolutionProperties) = preSolution
		HideSolutionNode = FALSE
	EndGlobalSection
	GlobalSection(ExtensibilityGlobals) = postSolution
		SolutionGuid = {D2913944-0CF4-47F3-9F43-B3A28C614291}
	EndGlobalSection
EndGlobal
